{
  "lockfileVersion": 1,
  "configVersion": 1,
  "workspaces": {
    "": {
      "name": "@andypai/orb",
      "dependencies": {
        "@ai-sdk/openai": "3.0.47",
        "@anthropic-ai/claude-agent-sdk": "0.2.80",
        "@inkjs/ui": "2.0.0",
        "ai": "6.0.134",
        "bash-tool": "^1.3.9",
        "commander": "^14.0.3",
        "ink": "6.6.0",
        "just-bash": "^2.7.0",
        "react": "19.2.3",
        "zod": "4.1.8",
      },
      "devDependencies": {
        "@types/bun": "^1.1.22",
        "@types/react": "19.2.9",
        "ink-testing-library": "4.0.0",
        "prettier": "^3.7.4",
        "typescript": "^5.7.2",
      },
    },
  },
  "packages": {
    "@ai-sdk/gateway": ["@ai-sdk/gateway@3.0.77", "", { "dependencies": { "@ai-sdk/provider": "3.0.8", "@ai-sdk/provider-utils": "4.0.21", "@vercel/oidc": "3.1.0" }, "peerDependencies": { "zod": "^3.25.76 || ^4.1.8" } }, "sha512-UdwIG2H2YMuntJQ5L+EmED5XiwnlvDT3HOmKfVFxR4Nq/RSLFA/HcchhwfNXHZ5UJjyuL2VO0huLbWSZ9ijemQ=="],

    "@ai-sdk/openai": ["@ai-sdk/openai@3.0.47", "", { "dependencies": { "@ai-sdk/provider": "3.0.8", "@ai-sdk/provider-utils": "4.0.21" }, "peerDependencies": { "zod": "^3.25.76 || ^4.1.8" } }, "sha512-bRsb2sDN5u+pKO3Kdr0flpxtL+cPwQ2uCo/pVyzIbj2I4AkKAokJHhw5JWLVOeEwdlYzWfmv+hzaiGarzUcTFQ=="],

    "@ai-sdk/provider": ["@ai-sdk/provider@3.0.8", "", { "dependencies": { "json-schema": "^0.4.0" } }, "sha512-oGMAgGoQdBXbZqNG0Ze56CHjDZ1IDYOwGYxYjO5KLSlz5HiNQ9udIXsPZ61VWaHGZ5XW/jyjmr6t2xz2jGVwbQ=="],

    "@ai-sdk/provider-utils": ["@ai-sdk/provider-utils@4.0.21", "", { "dependencies": { "@ai-sdk/provider": "3.0.8", "@standard-schema/spec": "^1.1.0", "eventsource-parser": "^3.0.6" }, "peerDependencies": { "zod": "^3.25.76 || ^4.1.8" } }, "sha512-MtFUYI1/8mgDvRmaBDjbLJPFFrMG777AvSgyIFQtZHIMzm88R/12vYBBpnk7pfiWLFE1DSZzY4WDYzGbKAcmiw=="],

    "@alcalzone/ansi-tokenize": ["@alcalzone/ansi-tokenize@0.2.4", "", { "dependencies": { "ansi-styles": "^6.2.1", "is-fullwidth-code-point": "^5.0.0" } }, "sha512-HTgrrTgZ9Jgeo6Z3oqbQ7lifOVvRR14vaDuBGPPUxk9Thm+vObaO4QfYYYWw4Zo5CWQDBEfsinFA6Gre+AqwNQ=="],

    "@anthropic-ai/claude-agent-sdk": ["@anthropic-ai/claude-agent-sdk@0.2.80", "", { "optionalDependencies": { "@img/sharp-darwin-arm64": "^0.34.2", "@img/sharp-darwin-x64": "^0.34.2", "@img/sharp-linux-arm": "^0.34.2", "@img/sharp-linux-arm64": "^0.34.2", "@img/sharp-linux-x64": "^0.34.2", "@img/sharp-linuxmusl-arm64": "^0.34.2", "@img/sharp-linuxmusl-x64": "^0.34.2", "@img/sharp-win32-arm64": "^0.34.2", "@img/sharp-win32-x64": "^0.34.2" }, "peerDependencies": { "zod": "^4.0.0" } }, "sha512-9vMzf38ZeV8b70RPcaC/ZrJZKL6G56KTS8zXoBbBBRkPDLCgrGLC8sP2AfrR62eliSkw5u+sOcP9kKX+t54CHg=="],

    "@borewit/text-codec": ["@borewit/text-codec@0.2.1", "", {}, "sha512-k7vvKPbf7J2fZ5klGRD9AeKfUvojuZIQ3BT5u7Jfv+puwXkUBUT5PVyMDfJZpy30CBDXGMgw7fguK/lpOMBvgw=="],

    "@img/sharp-darwin-arm64": ["@img/sharp-darwin-arm64@0.34.5", "", { "optionalDependencies": { "@img/sharp-libvips-darwin-arm64": "1.2.4" }, "os": "darwin", "cpu": "arm64" }, "sha512-imtQ3WMJXbMY4fxb/Ndp6HBTNVtWCUI0WdobyheGf5+ad6xX8VIDO8u2xE4qc/fr08CKG/7dDseFtn6M6g/r3w=="],

    "@img/sharp-darwin-x64": ["@img/sharp-darwin-x64@0.34.5", "", { "optionalDependencies": { "@img/sharp-libvips-darwin-x64": "1.2.4" }, "os": "darwin", "cpu": "x64" }, "sha512-YNEFAF/4KQ/PeW0N+r+aVVsoIY0/qxxikF2SWdp+NRkmMB7y9LBZAVqQ4yhGCm/H3H270OSykqmQMKLBhBJDEw=="],

    "@img/sharp-libvips-darwin-arm64": ["@img/sharp-libvips-darwin-arm64@1.2.4", "", { "os": "darwin", "cpu": "arm64" }, "sha512-zqjjo7RatFfFoP0MkQ51jfuFZBnVE2pRiaydKJ1G/rHZvnsrHAOcQALIi9sA5co5xenQdTugCvtb1cuf78Vf4g=="],

    "@img/sharp-libvips-darwin-x64": ["@img/sharp-libvips-darwin-x64@1.2.4", "", { "os": "darwin", "cpu": "x64" }, "sha512-1IOd5xfVhlGwX+zXv2N93k0yMONvUlANylbJw1eTah8K/Jtpi15KC+WSiaX/nBmbm2HxRM1gZ0nSdjSsrZbGKg=="],

    "@img/sharp-libvips-linux-arm": ["@img/sharp-libvips-linux-arm@1.2.4", "", { "os": "linux", "cpu": "arm" }, "sha512-bFI7xcKFELdiNCVov8e44Ia4u2byA+l3XtsAj+Q8tfCwO6BQ8iDojYdvoPMqsKDkuoOo+X6HZA0s0q11ANMQ8A=="],

    "@img/sharp-libvips-linux-arm64": ["@img/sharp-libvips-linux-arm64@1.2.4", "", { "os": "linux", "cpu": "arm64" }, "sha512-excjX8DfsIcJ10x1Kzr4RcWe1edC9PquDRRPx3YVCvQv+U5p7Yin2s32ftzikXojb1PIFc/9Mt28/y+iRklkrw=="],

    "@img/sharp-libvips-linux-x64": ["@img/sharp-libvips-linux-x64@1.2.4", "", { "os": "linux", "cpu": "x64" }, "sha512-tJxiiLsmHc9Ax1bz3oaOYBURTXGIRDODBqhveVHonrHJ9/+k89qbLl0bcJns+e4t4rvaNBxaEZsFtSfAdquPrw=="],

    "@img/sharp-libvips-linuxmusl-arm64": ["@img/sharp-libvips-linuxmusl-arm64@1.2.4", "", { "os": "linux", "cpu": "arm64" }, "sha512-FVQHuwx1IIuNow9QAbYUzJ+En8KcVm9Lk5+uGUQJHaZmMECZmOlix9HnH7n1TRkXMS0pGxIJokIVB9SuqZGGXw=="],

    "@img/sharp-libvips-linuxmusl-x64": ["@img/sharp-libvips-linuxmusl-x64@1.2.4", "", { "os": "linux", "cpu": "x64" }, "sha512-+LpyBk7L44ZIXwz/VYfglaX/okxezESc6UxDSoyo2Ks6Jxc4Y7sGjpgU9s4PMgqgjj1gZCylTieNamqA1MF7Dg=="],

    "@img/sharp-linux-arm": ["@img/sharp-linux-arm@0.34.5", "", { "optionalDependencies": { "@img/sharp-libvips-linux-arm": "1.2.4" }, "os": "linux", "cpu": "arm" }, "sha512-9dLqsvwtg1uuXBGZKsxem9595+ujv0sJ6Vi8wcTANSFpwV/GONat5eCkzQo/1O6zRIkh0m/8+5BjrRr7jDUSZw=="],

    "@img/sharp-linux-arm64": ["@img/sharp-linux-arm64@0.34.5", "", { "optionalDependencies": { "@img/sharp-libvips-linux-arm64": "1.2.4" }, "os": "linux", "cpu": "arm64" }, "sha512-bKQzaJRY/bkPOXyKx5EVup7qkaojECG6NLYswgktOZjaXecSAeCWiZwwiFf3/Y+O1HrauiE3FVsGxFg8c24rZg=="],

    "@img/sharp-linux-x64": ["@img/sharp-linux-x64@0.34.5", "", { "optionalDependencies": { "@img/sharp-libvips-linux-x64": "1.2.4" }, "os": "linux", "cpu": "x64" }, "sha512-MEzd8HPKxVxVenwAa+JRPwEC7QFjoPWuS5NZnBt6B3pu7EG2Ge0id1oLHZpPJdn3OQK+BQDiw9zStiHBTJQQQQ=="],

    "@img/sharp-linuxmusl-arm64": ["@img/sharp-linuxmusl-arm64@0.34.5", "", { "optionalDependencies": { "@img/sharp-libvips-linuxmusl-arm64": "1.2.4" }, "os": "linux", "cpu": "arm64" }, "sha512-fprJR6GtRsMt6Kyfq44IsChVZeGN97gTD331weR1ex1c1rypDEABN6Tm2xa1wE6lYb5DdEnk03NZPqA7Id21yg=="],

    "@img/sharp-linuxmusl-x64": ["@img/sharp-linuxmusl-x64@0.34.5", "", { "optionalDependencies": { "@img/sharp-libvips-linuxmusl-x64": "1.2.4" }, "os": "linux", "cpu": "x64" }, "sha512-Jg8wNT1MUzIvhBFxViqrEhWDGzqymo3sV7z7ZsaWbZNDLXRJZoRGrjulp60YYtV4wfY8VIKcWidjojlLcWrd8Q=="],

    "@img/sharp-win32-arm64": ["@img/sharp-win32-arm64@0.34.5", "", { "os": "win32", "cpu": "arm64" }, "sha512-WQ3AgWCWYSb2yt+IG8mnC6Jdk9Whs7O0gxphblsLvdhSpSTtmu69ZG1Gkb6NuvxsNACwiPV6cNSZNzt0KPsw7g=="],

    "@img/sharp-win32-x64": ["@img/sharp-win32-x64@0.34.5", "", { "os": "win32", "cpu": "x64" }, "sha512-+29YMsqY2/9eFEiW93eqWnuLcWcufowXewwSNIT6UwZdUUCrM3oFjMWH/Z6/TMmb4hlFenmfAVbpWeup2jryCw=="],

    "@inkjs/ui": ["@inkjs/ui@2.0.0", "", { "dependencies": { "chalk": "^5.3.0", "cli-spinners": "^3.0.0", "deepmerge": "^4.3.1", "figures": "^6.1.0" }, "peerDependencies": { "ink": ">=5" } }, "sha512-5+8fJmwtF9UvikzLfph9sA+LS+l37Ij/szQltkuXLOAXwNkBX9innfzh4pLGXIB59vKEQUtc6D4qGvhD7h3pAg=="],

    "@isaacs/balanced-match": ["@isaacs/balanced-match@4.0.1", "", {}, "sha512-yzMTt9lEb8Gv7zRioUilSglI0c0smZ9k5D65677DLWLtWJaXIS3CqcGyUFByYKlnUj6TkjLVs54fBl6+TiGQDQ=="],

    "@isaacs/brace-expansion": ["@isaacs/brace-expansion@5.0.0", "", { "dependencies": { "@isaacs/balanced-match": "^4.0.1" } }, "sha512-ZT55BDLV0yv0RBm2czMiZ+SqCGO7AvmOM3G/w2xhVPH+te0aKgFjmBvGlL1dH+ql2tgGO3MVrbb3jCKyvpgnxA=="],

    "@mixmark-io/domino": ["@mixmark-io/domino@2.2.0", "", {}, "sha512-Y28PR25bHXUg88kCV7nivXrP2Nj2RueZ3/l/jdx6J9f8J4nsEGcgX0Qe6lt7Pa+J79+kPiJU3LguR6O/6zrLOw=="],

    "@mongodb-js/zstd": ["@mongodb-js/zstd@7.0.0", "", { "dependencies": { "node-addon-api": "^8.5.0", "prebuild-install": "^7.1.3" } }, "sha512-mQ2s0pYYiav+tzCDR05Zptem8Ey2v8s11lri5RKGhTtL4COVCvVCk5vtyRYNT+9L8qSfyOqqefF9UtnW8mC5jA=="],

    "@nodelib/fs.scandir": ["@nodelib/fs.scandir@2.1.5", "", { "dependencies": { "@nodelib/fs.stat": "2.0.5", "run-parallel": "^1.1.9" } }, "sha512-vq24Bq3ym5HEQm2NKCr3yXDwjc7vTsEThRDnkp2DK9p1uqLR+DHurm/NOTo0KG7HYHU7eppKZj3MyqYuMBf62g=="],

    "@nodelib/fs.stat": ["@nodelib/fs.stat@2.0.5", "", {}, "sha512-RkhPPp2zrqDAQA/2jNhnztcPAlv64XdhIp7a7454A5ovI7Bukxgt7MX7udwAu3zg1DcpPU0rz3VV1SeaqvY4+A=="],

    "@nodelib/fs.walk": ["@nodelib/fs.walk@1.2.8", "", { "dependencies": { "@nodelib/fs.scandir": "2.1.5", "fastq": "^1.6.0" } }, "sha512-oGB+UxlgWcgQkgwo8GcEGwemoTFt3FIO9ababBmaGwXIoBKZ+GTy0pP185beGg7Llih/NSHSV2XAs1lnznocSg=="],

    "@opentelemetry/api": ["@opentelemetry/api@1.9.0", "", {}, "sha512-3giAOQvZiH5F9bMlMiv8+GSPMeqg0dbaeo58/0SlA9sxSqZhnUtxzX9/2FzyhS9sWQf5S0GJE0AKBrFqjpeYcg=="],

    "@standard-schema/spec": ["@standard-schema/spec@1.1.0", "", {}, "sha512-l2aFy5jALhniG5HgqrD6jXLi/rUWrKvqN/qJx6yoJsgKhblVd+iqqU4RCXavm/jPityDo5TCvKMnpjKnOriy0w=="],

    "@tokenizer/inflate": ["@tokenizer/inflate@0.4.1", "", { "dependencies": { "debug": "^4.4.3", "token-types": "^6.1.1" } }, "sha512-2mAv+8pkG6GIZiF1kNg1jAjh27IDxEPKwdGul3snfztFerfPGI1LjDezZp3i7BElXompqEtPmoPx6c2wgtWsOA=="],

    "@tokenizer/token": ["@tokenizer/token@0.3.0", "", {}, "sha512-OvjF+z51L3ov0OyAU0duzsYuvO01PH7x4t6DJx+guahgTnBHkhJdG7soQeTSFLWN3efnHyibZ4Z8l2EuWwJN3A=="],

    "@types/bun": ["@types/bun@1.3.8", "", { "dependencies": { "bun-types": "1.3.8" } }, "sha512-3LvWJ2q5GerAXYxO2mffLTqOzEu5qnhEAlh48Vnu8WQfnmSwbgagjGZV6BoHKJztENYEDn6QmVd949W4uESRJA=="],

    "@types/node": ["@types/node@25.2.0", "", { "dependencies": { "undici-types": "~7.16.0" } }, "sha512-DZ8VwRFUNzuqJ5khrvwMXHmvPe+zGayJhr2CDNiKB1WBE1ST8Djl00D0IC4vvNmHMdj6DlbYRIaFE7WHjlDl5w=="],

    "@types/react": ["@types/react@19.2.9", "", { "dependencies": { "csstype": "^3.2.2" } }, "sha512-Lpo8kgb/igvMIPeNV2rsYKTgaORYdO1XGVZ4Qz3akwOj0ySGYMPlQWa8BaLn0G63D1aSaAQ5ldR06wCpChQCjA=="],

    "@vercel/oidc": ["@vercel/oidc@3.1.0", "", {}, "sha512-Fw28YZpRnA3cAHHDlkt7xQHiJ0fcL+NRcIqsocZQUSmbzeIKRpwttJjik5ZGanXP+vlA4SbTg+AbA3bP363l+w=="],

    "ai": ["ai@6.0.134", "", { "dependencies": { "@ai-sdk/gateway": "3.0.77", "@ai-sdk/provider": "3.0.8", "@ai-sdk/provider-utils": "4.0.21", "@opentelemetry/api": "1.9.0" }, "peerDependencies": { "zod": "^3.25.76 || ^4.1.8" } }, "sha512-YalNEaavld/kE444gOcsMKXdVVRGEe0SK77fAFcWYcqLg+a7xKnEet8bdfrEAJTfnMjj01rhgrIL10903w1a5Q=="],

    "amdefine": ["amdefine@1.0.1", "", {}, "sha512-S2Hw0TtNkMJhIabBwIojKL9YHO5T0n5eNqWJ7Lrlel/zDbftQpxpapi8tZs3X1HWa+u+QeydGmzzNU0m09+Rcg=="],

    "ansi-escapes": ["ansi-escapes@7.2.0", "", { "dependencies": { "environment": "^1.0.0" } }, "sha512-g6LhBsl+GBPRWGWsBtutpzBYuIIdBkLEvad5C/va/74Db018+5TZiyA26cZJAr3Rft5lprVqOIPxf5Vid6tqAw=="],

    "ansi-regex": ["ansi-regex@6.2.2", "", {}, "sha512-Bq3SmSpyFHaWjPk8If9yc6svM8c56dB5BAtW4Qbw5jHTwwXXcTLoRMkpDJp6VL0XzlWaCHTXrkFURMYmD0sLqg=="],

    "ansi-styles": ["ansi-styles@6.2.3", "", {}, "sha512-4Dj6M28JB+oAH8kFkTLUo+a2jwOFkuqb3yucU0CANcRRUbxS0cP0nZYCGjcc3BNXwRIsUVmDGgzawme7zvJHvg=="],

    "argparse": ["argparse@1.0.10", "", { "dependencies": { "sprintf-js": "~1.0.2" } }, "sha512-o5Roy6tNG4SL/FOkCAN6RzjiakZS25RLYFrcMttJqbdd8BWrnA+fGz57iN5Pb06pvBGvl5gQ0B48dJlslXvoTg=="],

    "auto-bind": ["auto-bind@5.0.1", "", {}, "sha512-ooviqdwwgfIfNmDwo94wlshcdzfO64XV0Cg6oDsDYBJfITDz1EngD2z7DkbvCWn+XIMsIqW27sEVF6qcpJrRcg=="],

    "base64-js": ["base64-js@1.5.1", "", {}, "sha512-AKpaYlHn8t4SVbOHCy+b5+KKgvR4vrsD8vbvrbiQJps7fKDTkjkDry6ji0rUJjC0kzbNePLwzxq8iypo41qeWA=="],

    "bash-tool": ["bash-tool@1.3.10", "", { "dependencies": { "fast-glob": "^3.3.2", "gray-matter": "^4.0.3", "zod": "^3.23.8" }, "peerDependencies": { "@vercel/sandbox": "*", "ai": "^6.0.0", "just-bash": "^2.7.0" }, "optionalPeers": ["@vercel/sandbox", "just-bash"] }, "sha512-n1MfKpvDjrWCTrE6tzzuuazoQfp8iIEIrM45PBQJUWWcRpfagTfADlncvRcnx1HuNMuu+ter9wodYDq3zM1TUw=="],

    "bl": ["bl@4.1.0", "", { "dependencies": { "buffer": "^5.5.0", "inherits": "^2.0.4", "readable-stream": "^3.4.0" } }, "sha512-1W07cM9gS6DcLperZfFSj+bWLtaPGSOHWhPiGzXmvVJbRLdG82sH/Kn8EtW1VqWVA54AKf2h5k5BbnIbwF3h6w=="],

    "braces": ["braces@3.0.3", "", { "dependencies": { "fill-range": "^7.1.1" } }, "sha512-yQbXgO/OSZVD2IsiLlro+7Hf6Q18EJrKSEsdoMzKePKXct3gvD8oLcOQdIzGupr5Fj+EDe8gO/lxc1BzfMpxvA=="],

    "buffer": ["buffer@5.7.1", "", { "dependencies": { "base64-js": "^1.3.1", "ieee754": "^1.1.13" } }, "sha512-EHcyIPBQ4BSGlvjB16k5KgAJ27CIsHY/2JBmCRReo48y9rQ3MaUzWX3KVlBa4U7MyX02HdVj0K7C3WaB3ju7FQ=="],

    "bun-types": ["bun-types@1.3.8", "", { "dependencies": { "@types/node": "*" } }, "sha512-fL99nxdOWvV4LqjmC+8Q9kW3M4QTtTR1eePs94v5ctGqU8OeceWrSUaRw3JYb7tU3FkMIAjkueehrHPPPGKi5Q=="],

    "chalk": ["chalk@5.6.2", "", {}, "sha512-7NzBL0rN6fMUW+f7A6Io4h40qQlG+xGmtMxfbnH/K7TAtt8JQWVQK+6g0UXKMeVJoyV5EkkNsErQ8pVD3bLHbA=="],

    "chownr": ["chownr@1.1.4", "", {}, "sha512-jJ0bqzaylmJtVnNgzTeSOs8DPavpbYgEr/b0YL8/2GO3xJEhInFmhKMUnEJQjZumK7KXGFhUy89PrsJWlakBVg=="],

    "cli-boxes": ["cli-boxes@3.0.0", "", {}, "sha512-/lzGpEWL/8PfI0BmBOPRwp0c/wFNX1RdUML3jK/RcSBA9T8mZDdQpqYBKtCFTOfQbwPqWEOpjqW+Fnayc0969g=="],

    "cli-cursor": ["cli-cursor@4.0.0", "", { "dependencies": { "restore-cursor": "^4.0.0" } }, "sha512-VGtlMu3x/4DOtIUwEkRezxUZ2lBacNJCHash0N0WeZDBS+7Ux1dm3XWAgWYxLJFMMdOeXMHXorshEFhbMSGelg=="],

    "cli-spinners": ["cli-spinners@3.4.0", "", {}, "sha512-bXfOC4QcT1tKXGorxL3wbJm6XJPDqEnij2gQ2m7ESQuE+/z9YFIWnl/5RpTiKWbMq3EVKR4fRLJGn6DVfu0mpw=="],

    "cli-truncate": ["cli-truncate@5.1.1", "", { "dependencies": { "slice-ansi": "^7.1.0", "string-width": "^8.0.0" } }, "sha512-SroPvNHxUnk+vIW/dOSfNqdy1sPEFkrTk6TUtqLCnBlo3N7TNYYkzzN7uSD6+jVjrdO4+p8nH7JzH6cIvUem6A=="],

    "code-excerpt": ["code-excerpt@4.0.0", "", { "dependencies": { "convert-to-spaces": "^2.0.1" } }, "sha512-xxodCmBen3iy2i0WtAK8FlFNrRzjUqjRsMfho58xT/wvZU1YTM3fCnRjcy1gJPMepaRlgm/0e6w8SpWHpn3/cA=="],

    "commander": ["commander@14.0.3", "", {}, "sha512-H+y0Jo/T1RZ9qPP4Eh1pkcQcLRglraJaSLoyOtHxu6AapkjWVCy2Sit1QQ4x3Dng8qDlSsZEet7g5Pq06MvTgw=="],

    "compressjs": ["compressjs@1.0.3", "", { "dependencies": { "amdefine": "~1.0.0", "commander": "~2.8.1" }, "bin": { "compressjs": "./bin/compressjs" } }, "sha512-jpKJjBTretQACTGLNuvnozP1JdP2ZLrjdGdBgk/tz1VfXlUcBhhSZW6vEsuThmeot/yjvSrPQKEgfF3X2Lpi8Q=="],

    "convert-to-spaces": ["convert-to-spaces@2.0.1", "", {}, "sha512-rcQ1bsQO9799wq24uE5AM2tAILy4gXGIK/njFWcVQkGNZ96edlpY+A7bjwvzjYvLDyzmG1MmMLZhpcsb+klNMQ=="],

    "csstype": ["csstype@3.2.3", "", {}, "sha512-z1HGKcYy2xA8AGQfwrn0PAy+PB7X/GSj3UVJW9qKyn43xWa+gl5nXmU4qqLMRzWVLFC8KusUX8T/0kCiOYpAIQ=="],

    "debug": ["debug@4.4.3", "", { "dependencies": { "ms": "^2.1.3" } }, "sha512-RGwwWnwQvkVfavKVt22FGLw+xYSdzARwm0ru6DhTVA3umU5hZc28V3kO4stgYryrTlLpuvgI9GiijltAjNbcqA=="],

    "decompress-response": ["decompress-response@6.0.0", "", { "dependencies": { "mimic-response": "^3.1.0" } }, "sha512-aW35yZM6Bb/4oJlZncMH2LCoZtJXTRxES17vE3hoRiowU2kWHaJKFkSBDnDR+cm9J+9QhXmREyIfv0pji9ejCQ=="],

    "deep-extend": ["deep-extend@0.6.0", "", {}, "sha512-LOHxIOaPYdHlJRtCQfDIVZtfw/ufM8+rVj649RIHzcm/vGwQRXFt6OPqIFWsm2XEMrNIEtWR64sY1LEKD2vAOA=="],

    "deepmerge": ["deepmerge@4.3.1", "", {}, "sha512-3sUqbMEc77XqpdNO7FRyRog+eW3ph+GYCbj+rK+uYyRMuwsVy0rMiVtPn+QJlKFvWP/1PYpapqYn0Me2knFn+A=="],

    "detect-libc": ["detect-libc@2.1.2", "", {}, "sha512-Btj2BOOO83o3WyH59e8MgXsxEQVcarkUOpEYrubB0urwnN10yQ364rsiByU11nZlqWYZm05i/of7io4mzihBtQ=="],

    "diff": ["diff@8.0.3", "", {}, "sha512-qejHi7bcSD4hQAZE0tNAawRK1ZtafHDmMTMkrrIGgSLl7hTnQHmKCeB45xAcbfTqK2zowkM3j3bHt/4b/ARbYQ=="],

    "emoji-regex": ["emoji-regex@10.6.0", "", {}, "sha512-toUI84YS5YmxW219erniWD0CIVOo46xGKColeNQRgOzDorgBi1v4D71/OFzgD9GO2UGKIv1C3Sp8DAn0+j5w7A=="],

    "end-of-stream": ["end-of-stream@1.4.5", "", { "dependencies": { "once": "^1.4.0" } }, "sha512-ooEGc6HP26xXq/N+GCGOT0JKCLDGrq2bQUZrQ7gyrJiZANJ/8YDTxTpQBXGMn+WbIQXNVpyWymm7KYVICQnyOg=="],

    "environment": ["environment@1.1.0", "", {}, "sha512-xUtoPkMggbz0MPyPiIWr1Kp4aeWJjDZ6SMvURhimjdZgsRuDplF5/s9hcgGhyXMhs+6vpnuoiZ2kFiu3FMnS8Q=="],

    "es-toolkit": ["es-toolkit@1.44.0", "", {}, "sha512-6penXeZalaV88MM3cGkFZZfOoLGWshWWfdy0tWw/RlVVyhvMaWSBTOvXNeiW3e5FwdS5ePW0LGEu17zT139ktg=="],

    "escape-string-regexp": ["escape-string-regexp@2.0.0", "", {}, "sha512-UpzcLCXolUWcNu5HtVMHYdXJjArjsF9C0aNnquZYY4uW/Vu0miy5YoWvbV345HauVvcAUnpRuhMMcqTcGOY2+w=="],

    "esprima": ["esprima@4.0.1", "", { "bin": { "esparse": "./bin/esparse.js", "esvalidate": "./bin/esvalidate.js" } }, "sha512-eGuFFw7Upda+g4p+QHvnW0RyTX/SVeJBDM/gCtMARO0cLuT2HcEKnTPvhjV6aGeqrCB/sbNop0Kszm0jsaWU4A=="],

    "eventsource-parser": ["eventsource-parser@3.0.6", "", {}, "sha512-Vo1ab+QXPzZ4tCa8SwIHJFaSzy4R6SHf7BY79rFBDf0idraZWAkYrDjDj8uWaSm3S2TK+hJ7/t1CEmZ7jXw+pg=="],

    "expand-template": ["expand-template@2.0.3", "", {}, "sha512-XYfuKMvj4O35f/pOXLObndIRvyQ+/+6AhODh+OKWj9S9498pHHn/IMszH+gt0fBCRWMNfk1ZSp5x3AifmnI2vg=="],

    "extend-shallow": ["extend-shallow@2.0.1", "", { "dependencies": { "is-extendable": "^0.1.0" } }, "sha512-zCnTtlxNoAiDc3gqY2aYAWFx7XWWiasuF2K8Me5WbN8otHKTUKBwjPtNpRs/rbUZm7KxWAaNj7P1a/p52GbVug=="],

    "fast-glob": ["fast-glob@3.3.3", "", { "dependencies": { "@nodelib/fs.stat": "^2.0.2", "@nodelib/fs.walk": "^1.2.3", "glob-parent": "^5.1.2", "merge2": "^1.3.0", "micromatch": "^4.0.8" } }, "sha512-7MptL8U0cqcFdzIzwOTHoilX9x5BrNqye7Z/LuC7kCMRio1EMSyqRK3BEAUD7sXRq4iT4AzTVuZdhgQ2TCvYLg=="],

    "fast-xml-parser": ["fast-xml-parser@5.3.4", "", { "dependencies": { "strnum": "^2.1.0" }, "bin": { "fxparser": "src/cli/cli.js" } }, "sha512-EFd6afGmXlCx8H8WTZHhAoDaWaGyuIBoZJ2mknrNxug+aZKjkp0a0dlars9Izl+jF+7Gu1/5f/2h68cQpe0IiA=="],

    "fastq": ["fastq@1.20.1", "", { "dependencies": { "reusify": "^1.0.4" } }, "sha512-GGToxJ/w1x32s/D2EKND7kTil4n8OVk/9mycTc4VDza13lOvpUZTGX3mFSCtV9ksdGBVzvsyAVLM6mHFThxXxw=="],

    "figures": ["figures@6.1.0", "", { "dependencies": { "is-unicode-supported": "^2.0.0" } }, "sha512-d+l3qxjSesT4V7v2fh+QnmFnUWv9lSpjarhShNTgBOfA0ttejbQUAlHLitbjkoRiDulW0OPoQPYIGhIC8ohejg=="],

    "file-type": ["file-type@21.3.0", "", { "dependencies": { "@tokenizer/inflate": "^0.4.1", "strtok3": "^10.3.4", "token-types": "^6.1.1", "uint8array-extras": "^1.4.0" } }, "sha512-8kPJMIGz1Yt/aPEwOsrR97ZyZaD1Iqm8PClb1nYFclUCkBi0Ma5IsYNQzvSFS9ib51lWyIw5mIT9rWzI/xjpzA=="],

    "fill-range": ["fill-range@7.1.1", "", { "dependencies": { "to-regex-range": "^5.0.1" } }, "sha512-YsGpe3WHLK8ZYi4tWDg2Jy3ebRz2rXowDxnld4bkQB00cc/1Zw9AWnC0i9ztDJitivtQvaI9KaLyKrc+hBW0yg=="],

    "fs-constants": ["fs-constants@1.0.0", "", {}, "sha512-y6OAwoSIf7FyjMIv94u+b5rdheZEjzR63GTyZJm5qh4Bi+2YgwLCcI/fPFZkL5PSixOt6ZNKm+w+Hfp/Bciwow=="],

    "get-east-asian-width": ["get-east-asian-width@1.4.0", "", {}, "sha512-QZjmEOC+IT1uk6Rx0sX22V6uHWVwbdbxf1faPqJ1QhLdGgsRGCZoyaQBm/piRdJy/D2um6hM1UP7ZEeQ4EkP+Q=="],

    "github-from-package": ["github-from-package@0.0.0", "", {}, "sha512-SyHy3T1v2NUXn29OsWdxmK6RwHD+vkj3v8en8AOBZ1wBQ/hCAQ5bAQTD02kW4W9tUp/3Qh6J8r9EvntiyCmOOw=="],

    "glob-parent": ["glob-parent@5.1.2", "", { "dependencies": { "is-glob": "^4.0.1" } }, "sha512-AOIgSQCepiJYwP3ARnGx+5VnTu2HBYdzbGP45eLw1vr3zB3vZLeyed1sC9hnbcOc9/SrMyM5RPQrkGz4aS9Zow=="],

    "graceful-readlink": ["graceful-readlink@1.0.1", "", {}, "sha512-8tLu60LgxF6XpdbK8OW3FA+IfTNBn1ZHGHKF4KQbEeSkajYw5PlYJcKluntgegDPTg8UkHjpet1T82vk6TQ68w=="],

    "gray-matter": ["gray-matter@4.0.3", "", { "dependencies": { "js-yaml": "^3.13.1", "kind-of": "^6.0.2", "section-matter": "^1.0.0", "strip-bom-string": "^1.0.0" } }, "sha512-5v6yZd4JK3eMI3FqqCouswVqwugaA9r4dNZB1wwcmrD02QkV5H0y7XBQW8QwQqEaZY1pM9aqORSORhJRdNK44Q=="],

    "ieee754": ["ieee754@1.2.1", "", {}, "sha512-dcyqhDvX1C46lXZcVqCpK+FtMRQVdIMN6/Df5js2zouUsqG7I6sFxitIC+7KYK29KdXOLHdu9zL4sFnoVQnqaA=="],

    "indent-string": ["indent-string@5.0.0", "", {}, "sha512-m6FAo/spmsW2Ab2fU35JTYwtOKa2yAwXSwgjSv1TJzh4Mh7mC3lzAOVLBprb72XsTrgkEIsl7YrFNAiDiRhIGg=="],

    "inherits": ["inherits@2.0.4", "", {}, "sha512-k/vGaX4/Yla3WzyMCvTQOXYeIHvqOKtnqBduzTHpzpQZzAskKMhZ2K+EnBiSM9zGSoIFeMpXKxa4dYeZIQqewQ=="],

    "ini": ["ini@6.0.0", "", {}, "sha512-IBTdIkzZNOpqm7q3dRqJvMaldXjDHWkEDfrwGEQTs5eaQMWV+djAhR+wahyNNMAa+qpbDUhBMVt4ZKNwpPm7xQ=="],

    "ink": ["ink@6.6.0", "", { "dependencies": { "@alcalzone/ansi-tokenize": "^0.2.1", "ansi-escapes": "^7.2.0", "ansi-styles": "^6.2.1", "auto-bind": "^5.0.1", "chalk": "^5.6.0", "cli-boxes": "^3.0.0", "cli-cursor": "^4.0.0", "cli-truncate": "^5.1.1", "code-excerpt": "^4.0.0", "es-toolkit": "^1.39.10", "indent-string": "^5.0.0", "is-in-ci": "^2.0.0", "patch-console": "^2.0.0", "react-reconciler": "^0.33.0", "signal-exit": "^3.0.7", "slice-ansi": "^7.1.0", "stack-utils": "^2.0.6", "string-width": "^8.1.0", "type-fest": "^4.27.0", "widest-line": "^5.0.0", "wrap-ansi": "^9.0.0", "ws": "^8.18.0", "yoga-layout": "~3.2.1" }, "peerDependencies": { "@types/react": ">=19.0.0", "react": ">=19.0.0", "react-devtools-core": "^6.1.2" }, "optionalPeers": ["@types/react", "react-devtools-core"] }, "sha512-QDt6FgJxgmSxAelcOvOHUvFxbIUjVpCH5bx+Slvc5m7IEcpGt3dYwbz/L+oRnqEGeRvwy1tineKK4ect3nW1vQ=="],

    "ink-testing-library": ["ink-testing-library@4.0.0", "", { "peerDependencies": { "@types/react": ">=18.0.0" }, "optionalPeers": ["@types/react"] }, "sha512-yF92kj3pmBvk7oKbSq5vEALO//o7Z9Ck/OaLNlkzXNeYdwfpxMQkSowGTFUCS5MSu9bWfSZMewGpp7bFc66D7Q=="],

    "is-extendable": ["is-extendable@0.1.1", "", {}, "sha512-5BMULNob1vgFX6EjQw5izWDxrecWK9AM72rugNr0TFldMOi0fj6Jk+zeKIt0xGj4cEfQIJth4w3OKWOJ4f+AFw=="],

    "is-extglob": ["is-extglob@2.1.1", "", {}, "sha512-SbKbANkN603Vi4jEZv49LeVJMn4yGwsbzZworEoyEiutsN3nJYdbO36zfhGJ6QEDpOZIFkDtnq5JRxmvl3jsoQ=="],

    "is-fullwidth-code-point": ["is-fullwidth-code-point@5.1.0", "", { "dependencies": { "get-east-asian-width": "^1.3.1" } }, "sha512-5XHYaSyiqADb4RnZ1Bdad6cPp8Toise4TzEjcOYDHZkTCbKgiUl7WTUCpNWHuxmDt91wnsZBc9xinNzopv3JMQ=="],

    "is-glob": ["is-glob@4.0.3", "", { "dependencies": { "is-extglob": "^2.1.1" } }, "sha512-xelSayHH36ZgE7ZWhli7pW34hNbNl8Ojv5KVmkJD4hBdD3th8Tfk9vYasLM+mXWOZhFkgZfxhLSnrwRr4elSSg=="],

    "is-in-ci": ["is-in-ci@2.0.0", "", { "bin": { "is-in-ci": "cli.js" } }, "sha512-cFeerHriAnhrQSbpAxL37W1wcJKUUX07HyLWZCW1URJT/ra3GyUTzBgUnh24TMVfNTV2Hij2HLxkPHFZfOZy5w=="],

    "is-number": ["is-number@7.0.0", "", {}, "sha512-41Cifkg6e8TylSpdtTpeLVMqvSBEVzTttHvERD741+pnZ8ANv0004MRL43QKPDlK9cGvNp6NZWZUBlbGXYxxng=="],

    "is-unicode-supported": ["is-unicode-supported@2.1.0", "", {}, "sha512-mE00Gnza5EEB3Ds0HfMyllZzbBrmLOX3vfWoj9A9PEnTfratQ/BcaJOuMhnkhjXvb2+FkY3VuHqtAGpTPmglFQ=="],

    "js-yaml": ["js-yaml@3.14.2", "", { "dependencies": { "argparse": "^1.0.7", "esprima": "^4.0.0" }, "bin": { "js-yaml": "bin/js-yaml.js" } }, "sha512-PMSmkqxr106Xa156c2M265Z+FTrPl+oxd/rgOQy2tijQeK5TxQ43psO1ZCwhVOSdnn+RzkzlRz/eY4BgJBYVpg=="],

    "json-schema": ["json-schema@0.4.0", "", {}, "sha512-es94M3nTIfsEPisRafak+HDLfHXnKBhV3vU5eqPcS3flIWqcxJWgXHXiey3YrpaNsanY5ei1VoYEbOzijuq9BA=="],

    "just-bash": ["just-bash@2.7.0", "", { "dependencies": { "@mongodb-js/zstd": "^7.0.0", "compressjs": "^1.0.3", "diff": "^8.0.2", "fast-xml-parser": "^5.3.3", "file-type": "^21.2.0", "ini": "^6.0.0", "minimatch": "^10.1.1", "modern-tar": "^0.7.3", "papaparse": "^5.5.3", "pyodide": "^0.27.0", "smol-toml": "^1.6.0", "sprintf-js": "^1.1.3", "sql.js": "^1.13.0", "turndown": "^7.2.2", "yaml": "^2.8.2" }, "optionalDependencies": { "node-liblzma": "^2.0.3" }, "bin": { "just-bash": "dist/bin/just-bash.js", "just-bash-shell": "dist/bin/shell/shell.js" } }, "sha512-DM9rHO5L62ALIHuWVhmhwUVqAXHVmtO4UPlFFcgVYEQTtv1Qhis43/t1aBY0Mj59vibIfNKumqy5tGraXRHsbA=="],

    "kind-of": ["kind-of@6.0.3", "", {}, "sha512-dcS1ul+9tmeD95T+x28/ehLgd9mENa3LsvDTtzm3vyBEO7RPptvAD+t44WVXaUjTBRcrpFeFlC8WCruUR456hw=="],

    "merge2": ["merge2@1.4.1", "", {}, "sha512-8q7VEgMJW4J8tcfVPy8g09NcQwZdbwFEqhe/WZkoIzjn/3TGDwtOCYtXGxA3O8tPzpczCCDgv+P2P5y00ZJOOg=="],

    "micromatch": ["micromatch@4.0.8", "", { "dependencies": { "braces": "^3.0.3", "picomatch": "^2.3.1" } }, "sha512-PXwfBhYu0hBCPw8Dn0E+WDYb7af3dSLVWKi3HGv84IdF4TyFoC0ysxFd0Goxw7nSv4T/PzEJQxsYsEiFCKo2BA=="],

    "mimic-fn": ["mimic-fn@2.1.0", "", {}, "sha512-OqbOk5oEQeAZ8WXWydlu9HJjz9WVdEIvamMCcXmuqUYjTknH/sqsWvhQ3vgwKFRR1HpjvNBKQ37nbJgYzGqGcg=="],

    "mimic-response": ["mimic-response@3.1.0", "", {}, "sha512-z0yWI+4FDrrweS8Zmt4Ej5HdJmky15+L2e6Wgn3+iK5fWzb6T3fhNFq2+MeTRb064c6Wr4N/wv0DzQTjNzHNGQ=="],

    "minimatch": ["minimatch@10.1.1", "", { "dependencies": { "@isaacs/brace-expansion": "^5.0.0" } }, "sha512-enIvLvRAFZYXJzkCYG5RKmPfrFArdLv+R+lbQ53BmIMLIry74bjKzX6iHAm8WYamJkhSSEabrWN5D97XnKObjQ=="],

    "minimist": ["minimist@1.2.8", "", {}, "sha512-2yyAR8qBkN3YuheJanUpWC5U3bb5osDywNB8RzDVlDwDHbocAJveqqj1u8+SVD7jkWT4yvsHCpWqqWqAxb0zCA=="],

    "mkdirp-classic": ["mkdirp-classic@0.5.3", "", {}, "sha512-gKLcREMhtuZRwRAfqP3RFW+TK4JqApVBtOIftVgjuABpAtpxhPGaDcfvbhNvD0B8iD1oUr/txX35NjcaY6Ns/A=="],

    "modern-tar": ["modern-tar@0.7.3", "", {}, "sha512-4W79zekKGyYU4JXVmB78DOscMFaJth2gGhgfTl2alWE4rNe3nf4N2pqenQ0rEtIewrnD79M687Ouba3YGTLOvg=="],

    "ms": ["ms@2.1.3", "", {}, "sha512-6FlzubTLZG3J2a/NVCAleEhjzq5oxgHyaCU9yYXvcLsvoVaHJq/s5xXI6/XXP6tz7R9xAOtHnSO/tXtF3WRTlA=="],

    "napi-build-utils": ["napi-build-utils@2.0.0", "", {}, "sha512-GEbrYkbfF7MoNaoh2iGG84Mnf/WZfB0GdGEsM8wz7Expx/LlWf5U8t9nvJKXSp3qr5IsEbK04cBGhol/KwOsWA=="],

    "node-abi": ["node-abi@3.87.0", "", { "dependencies": { "semver": "^7.3.5" } }, "sha512-+CGM1L1CgmtheLcBuleyYOn7NWPVu0s0EJH2C4puxgEZb9h8QpR9G2dBfZJOAUhi7VQxuBPMd0hiISWcTyiYyQ=="],

    "node-addon-api": ["node-addon-api@8.5.0", "", {}, "sha512-/bRZty2mXUIFY/xU5HLvveNHlswNJej+RnxBjOMkidWfwZzgTbPG1E3K5TOxRLOR+5hX7bSofy8yf1hZevMS8A=="],

    "node-gyp-build": ["node-gyp-build@4.8.4", "", { "bin": { "node-gyp-build": "bin.js", "node-gyp-build-optional": "optional.js", "node-gyp-build-test": "build-test.js" } }, "sha512-LA4ZjwlnUblHVgq0oBF3Jl/6h/Nvs5fzBLwdEF4nuxnFdsfajde4WfxtJr3CaiH+F6ewcIB/q4jQ4UzPyid+CQ=="],

    "node-liblzma": ["node-liblzma@2.2.0", "", { "dependencies": { "node-addon-api": "^8.5.0", "node-gyp-build": "^4.8.4" }, "bin": { "nxz": "lib/cli/nxz.js" } }, "sha512-s0KzNOWwOJJgPG6wxg6cKohnAl9Wk/oW1KrQaVzJBjQwVcUGPQCzpR46Ximygjqj/3KhOrtJXnYMp/xYAXp75g=="],

    "once": ["once@1.4.0", "", { "dependencies": { "wrappy": "1" } }, "sha512-lNaJgI+2Q5URQBkccEKHTQOPaXdUxnZZElQTZY0MFUAuaEqe1E+Nyvgdz/aIyNi6Z9MzO5dv1H8n58/GELp3+w=="],

    "onetime": ["onetime@5.1.2", "", { "dependencies": { "mimic-fn": "^2.1.0" } }, "sha512-kbpaSSGJTWdAY5KPVeMOKXSrPtr8C8C7wodJbcsd51jRnmD+GZu8Y0VoU6Dm5Z4vWr0Ig/1NKuWRKf7j5aaYSg=="],

    "papaparse": ["papaparse@5.5.3", "", {}, "sha512-5QvjGxYVjxO59MGU2lHVYpRWBBtKHnlIAcSe1uNFCkkptUh63NFRj0FJQm7nR67puEruUci/ZkjmEFrjCAyP4A=="],

    "patch-console": ["patch-console@2.0.0", "", {}, "sha512-0YNdUceMdaQwoKce1gatDScmMo5pu/tfABfnzEqeG0gtTmd7mh/WcwgUjtAeOU7N8nFFlbQBnFK2gXW5fGvmMA=="],

    "picomatch": ["picomatch@2.3.1", "", {}, "sha512-JU3teHTNjmE2VCGFzuY8EXzCDVwEqB2a8fsIvwaStHhAWJEeVd1o1QD80CU6+ZdEXXSLbSsuLwJjkCBWqRQUVA=="],

    "prebuild-install": ["prebuild-install@7.1.3", "", { "dependencies": { "detect-libc": "^2.0.0", "expand-template": "^2.0.3", "github-from-package": "0.0.0", "minimist": "^1.2.3", "mkdirp-classic": "^0.5.3", "napi-build-utils": "^2.0.0", "node-abi": "^3.3.0", "pump": "^3.0.0", "rc": "^1.2.7", "simple-get": "^4.0.0", "tar-fs": "^2.0.0", "tunnel-agent": "^0.6.0" }, "bin": { "prebuild-install": "bin.js" } }, "sha512-8Mf2cbV7x1cXPUILADGI3wuhfqWvtiLA1iclTDbFRZkgRQS0NqsPZphna9V+HyTEadheuPmjaJMsbzKQFOzLug=="],

    "prettier": ["prettier@3.8.1", "", { "bin": { "prettier": "bin/prettier.cjs" } }, "sha512-UOnG6LftzbdaHZcKoPFtOcCKztrQ57WkHDeRD9t/PTQtmT0NHSeWWepj6pS0z/N7+08BHFDQVUrfmfMRcZwbMg=="],

    "pump": ["pump@3.0.3", "", { "dependencies": { "end-of-stream": "^1.1.0", "once": "^1.3.1" } }, "sha512-todwxLMY7/heScKmntwQG8CXVkWUOdYxIvY2s0VWAAMh/nd8SoYiRaKjlr7+iCs984f2P8zvrfWcDDYVb73NfA=="],

    "pyodide": ["pyodide@0.27.7", "", { "dependencies": { "ws": "^8.5.0" } }, "sha512-RUSVJlhQdfWfgO9hVHCiXoG+nVZQRS5D9FzgpLJ/VcgGBLSAKoPL8kTiOikxbHQm1kRISeWUBdulEgO26qpSRA=="],

    "queue-microtask": ["queue-microtask@1.2.3", "", {}, "sha512-NuaNSa6flKT5JaSYQzJok04JzTL1CA6aGhv5rfLW3PgqA+M2ChpZQnAC8h8i4ZFkBS8X5RqkDBHA7r4hej3K9A=="],

    "rc": ["rc@1.2.8", "", { "dependencies": { "deep-extend": "^0.6.0", "ini": "~1.3.0", "minimist": "^1.2.0", "strip-json-comments": "~2.0.1" }, "bin": { "rc": "./cli.js" } }, "sha512-y3bGgqKj3QBdxLbLkomlohkvsA8gdAiUQlSBJnBhfn+BPxg4bc62d8TcBW15wavDfgexCgccckhcZvywyQYPOw=="],

    "react": ["react@19.2.3", "", {}, "sha512-Ku/hhYbVjOQnXDZFv2+RibmLFGwFdeeKHFcOTlrt7xplBnya5OGn/hIRDsqDiSUcfORsDC7MPxwork8jBwsIWA=="],

    "react-reconciler": ["react-reconciler@0.33.0", "", { "dependencies": { "scheduler": "^0.27.0" }, "peerDependencies": { "react": "^19.2.0" } }, "sha512-KetWRytFv1epdpJc3J4G75I4WrplZE5jOL7Yq0p34+OVOKF4Se7WrdIdVC45XsSSmUTlht2FM/fM1FZb1mfQeA=="],

    "readable-stream": ["readable-stream@3.6.2", "", { "dependencies": { "inherits": "^2.0.3", "string_decoder": "^1.1.1", "util-deprecate": "^1.0.1" } }, "sha512-9u/sniCrY3D5WdsERHzHE4G2YCXqoG5FTHUiCC4SIbr6XcLZBY05ya9EKjYek9O5xOAwjGq+1JdGBAS7Q9ScoA=="],

    "restore-cursor": ["restore-cursor@4.0.0", "", { "dependencies": { "onetime": "^5.1.0", "signal-exit": "^3.0.2" } }, "sha512-I9fPXU9geO9bHOt9pHHOhOkYerIMsmVaWB0rA2AI9ERh/+x/i7MV5HKBNrg+ljO5eoPVgCcnFuRjJ9uH6I/3eg=="],

    "reusify": ["reusify@1.1.0", "", {}, "sha512-g6QUff04oZpHs0eG5p83rFLhHeV00ug/Yf9nZM6fLeUrPguBTkTQOdpAWWspMh55TZfVQDPaN3NQJfbVRAxdIw=="],

    "run-parallel": ["run-parallel@1.2.0", "", { "dependencies": { "queue-microtask": "^1.2.2" } }, "sha512-5l4VyZR86LZ/lDxZTR6jqL8AFE2S0IFLMP26AbjsLVADxHdhB/c0GUsH+y39UfCi3dzz8OlQuPmnaJOMoDHQBA=="],

    "safe-buffer": ["safe-buffer@5.2.1", "", {}, "sha512-rp3So07KcdmmKbGvgaNxQSJr7bGVSVk5S9Eq1F+ppbRo70+YeaDxkw5Dd8NPN+GD6bjnYm2VuPuCXmpuYvmCXQ=="],

    "scheduler": ["scheduler@0.27.0", "", {}, "sha512-eNv+WrVbKu1f3vbYJT/xtiF5syA5HPIMtf9IgY/nKg0sWqzAUEvqY/xm7OcZc/qafLx/iO9FgOmeSAp4v5ti/Q=="],

    "section-matter": ["section-matter@1.0.0", "", { "dependencies": { "extend-shallow": "^2.0.1", "kind-of": "^6.0.0" } }, "sha512-vfD3pmTzGpufjScBh50YHKzEu2lxBWhVEHsNGoEXmCmn2hKGfeNLYMzCJpe8cD7gqX7TJluOVpBkAequ6dgMmA=="],

    "semver": ["semver@7.7.3", "", { "bin": { "semver": "bin/semver.js" } }, "sha512-SdsKMrI9TdgjdweUSR9MweHA4EJ8YxHn8DFaDisvhVlUOe4BF1tLD7GAj0lIqWVl+dPb/rExr0Btby5loQm20Q=="],

    "signal-exit": ["signal-exit@3.0.7", "", {}, "sha512-wnD2ZE+l+SPC/uoS0vXeE9L1+0wuaMqKlfz9AMUo38JsyLSBWSFcHR1Rri62LZc12vLr1gb3jl7iwQhgwpAbGQ=="],

    "simple-concat": ["simple-concat@1.0.1", "", {}, "sha512-cSFtAPtRhljv69IK0hTVZQ+OfE9nePi/rtJmw5UjHeVyVroEqJXP1sFztKUy1qU+xvz3u/sfYJLa947b7nAN2Q=="],

    "simple-get": ["simple-get@4.0.1", "", { "dependencies": { "decompress-response": "^6.0.0", "once": "^1.3.1", "simple-concat": "^1.0.0" } }, "sha512-brv7p5WgH0jmQJr1ZDDfKDOSeWWg+OVypG99A/5vYGPqJ6pxiaHLy8nxtFjBA7oMa01ebA9gfh1uMCFqOuXxvA=="],

    "slice-ansi": ["slice-ansi@7.1.2", "", { "dependencies": { "ansi-styles": "^6.2.1", "is-fullwidth-code-point": "^5.0.0" } }, "sha512-iOBWFgUX7caIZiuutICxVgX1SdxwAVFFKwt1EvMYYec/NWO5meOJ6K5uQxhrYBdQJne4KxiqZc+KptFOWFSI9w=="],

    "smol-toml": ["smol-toml@1.6.0", "", {}, "sha512-4zemZi0HvTnYwLfrpk/CF9LOd9Lt87kAt50GnqhMpyF9U3poDAP2+iukq2bZsO/ufegbYehBkqINbsWxj4l4cw=="],

    "sprintf-js": ["sprintf-js@1.1.3", "", {}, "sha512-Oo+0REFV59/rz3gfJNKQiBlwfHaSESl1pcGyABQsnnIfWOFt6JNj5gCog2U6MLZ//IGYD+nA8nI+mTShREReaA=="],

    "sql.js": ["sql.js@1.13.0", "", {}, "sha512-RJbVP1HRDlUUXahJ7VMTcu9Rm1Nzw+EBpoPr94vnbD4LwR715F3CcxE2G2k45PewcaZ57pjetYa+LoSJLAASgA=="],

    "stack-utils": ["stack-utils@2.0.6", "", { "dependencies": { "escape-string-regexp": "^2.0.0" } }, "sha512-XlkWvfIm6RmsWtNJx+uqtKLS8eqFbxUg0ZzLXqY0caEy9l7hruX8IpiDnjsLavoBgqCCR71TqWO8MaXYheJ3RQ=="],

    "string-width": ["string-width@8.1.1", "", { "dependencies": { "get-east-asian-width": "^1.3.0", "strip-ansi": "^7.1.0" } }, "sha512-KpqHIdDL9KwYk22wEOg/VIqYbrnLeSApsKT/bSj6Ez7pn3CftUiLAv2Lccpq1ALcpLV9UX1Ppn92npZWu2w/aw=="],

    "string_decoder": ["string_decoder@1.3.0", "", { "dependencies": { "safe-buffer": "~5.2.0" } }, "sha512-hkRX8U1WjJFd8LsDJ2yQ/wWWxaopEsABU1XfkM8A+j0+85JAGppt16cr1Whg6KIbb4okU6Mql6BOj+uup/wKeA=="],

    "strip-ansi": ["strip-ansi@7.1.2", "", { "dependencies": { "ansi-regex": "^6.0.1" } }, "sha512-gmBGslpoQJtgnMAvOVqGZpEz9dyoKTCzy2nfz/n8aIFhN/jCE/rCmcxabB6jOOHV+0WNnylOxaxBQPSvcWklhA=="],

    "strip-bom-string": ["strip-bom-string@1.0.0", "", {}, "sha512-uCC2VHvQRYu+lMh4My/sFNmF2klFymLX1wHJeXnbEJERpV/ZsVuonzerjfrGpIGF7LBVa1O7i9kjiWvJiFck8g=="],

    "strip-json-comments": ["strip-json-comments@2.0.1", "", {}, "sha512-4gB8na07fecVVkOI6Rs4e7T6NOTki5EmL7TUduTs6bu3EdnSycntVJ4re8kgZA+wx9IueI2Y11bfbgwtzuE0KQ=="],

    "strnum": ["strnum@2.1.2", "", {}, "sha512-l63NF9y/cLROq/yqKXSLtcMeeyOfnSQlfMSlzFt/K73oIaD8DGaQWd7Z34X9GPiKqP5rbSh84Hl4bOlLcjiSrQ=="],

    "strtok3": ["strtok3@10.3.4", "", { "dependencies": { "@tokenizer/token": "^0.3.0" } }, "sha512-KIy5nylvC5le1OdaaoCJ07L+8iQzJHGH6pWDuzS+d07Cu7n1MZ2x26P8ZKIWfbK02+XIL8Mp4RkWeqdUCrDMfg=="],

    "tar-fs": ["tar-fs@2.1.4", "", { "dependencies": { "chownr": "^1.1.1", "mkdirp-classic": "^0.5.2", "pump": "^3.0.0", "tar-stream": "^2.1.4" } }, "sha512-mDAjwmZdh7LTT6pNleZ05Yt65HC3E+NiQzl672vQG38jIrehtJk/J3mNwIg+vShQPcLF/LV7CMnDW6vjj6sfYQ=="],

    "tar-stream": ["tar-stream@2.2.0", "", { "dependencies": { "bl": "^4.0.3", "end-of-stream": "^1.4.1", "fs-constants": "^1.0.0", "inherits": "^2.0.3", "readable-stream": "^3.1.1" } }, "sha512-ujeqbceABgwMZxEJnk2HDY2DlnUZ+9oEcb1KzTVfYHio0UE6dG71n60d8D2I4qNvleWrrXpmjpt7vZeF1LnMZQ=="],

    "to-regex-range": ["to-regex-range@5.0.1", "", { "dependencies": { "is-number": "^7.0.0" } }, "sha512-65P7iz6X5yEr1cwcgvQxbbIw7Uk3gOy5dIdtZ4rDveLqhrdJP+Li/Hx6tyK0NEb+2GCyneCMJiGqrADCSNk8sQ=="],

    "token-types": ["token-types@6.1.2", "", { "dependencies": { "@borewit/text-codec": "^0.2.1", "@tokenizer/token": "^0.3.0", "ieee754": "^1.2.1" } }, "sha512-dRXchy+C0IgK8WPC6xvCHFRIWYUbqqdEIKPaKo/AcTUNzwLTK6AH7RjdLWsEZcAN/TBdtfUw3PYEgPr5VPr6ww=="],

    "tunnel-agent": ["tunnel-agent@0.6.0", "", { "dependencies": { "safe-buffer": "^5.0.1" } }, "sha512-McnNiV1l8RYeY8tBgEpuodCC1mLUdbSN+CYBL7kJsJNInOP8UjDDEwdk6Mw60vdLLrr5NHKZhMAOSrR2NZuQ+w=="],

    "turndown": ["turndown@7.2.2", "", { "dependencies": { "@mixmark-io/domino": "^2.2.0" } }, "sha512-1F7db8BiExOKxjSMU2b7if62D/XOyQyZbPKq/nUwopfgnHlqXHqQ0lvfUTeUIr1lZJzOPFn43dODyMSIfvWRKQ=="],

    "type-fest": ["type-fest@4.41.0", "", {}, "sha512-TeTSQ6H5YHvpqVwBRcnLDCBnDOHWYu7IvGbHT6N8AOymcr9PJGjc1GTtiWZTYg0NCgYwvnYWEkVChQAr9bjfwA=="],

    "typescript": ["typescript@5.9.3", "", { "bin": { "tsc": "bin/tsc", "tsserver": "bin/tsserver" } }, "sha512-jl1vZzPDinLr9eUt3J/t7V6FgNEw9QjvBPdysz9KfQDD41fQrC2Y4vKQdiaUpFT4bXlb1RHhLpp8wtm6M5TgSw=="],

    "uint8array-extras": ["uint8array-extras@1.5.0", "", {}, "sha512-rvKSBiC5zqCCiDZ9kAOszZcDvdAHwwIKJG33Ykj43OKcWsnmcBRL09YTU4nOeHZ8Y2a7l1MgTd08SBe9A8Qj6A=="],

    "undici-types": ["undici-types@7.16.0", "", {}, "sha512-Zz+aZWSj8LE6zoxD+xrjh4VfkIG8Ya6LvYkZqtUQGJPZjYl53ypCaUwWqo7eI0x66KBGeRo+mlBEkMSeSZ38Nw=="],

    "util-deprecate": ["util-deprecate@1.0.2", "", {}, "sha512-EPD5q1uXyFxJpCrLnCc1nHnq3gOa6DZBocAIiI2TaSCA7VCJ1UJDMagCzIkXNsUYfD1daK//LTEQ8xiIbrHtcw=="],

    "widest-line": ["widest-line@5.0.0", "", { "dependencies": { "string-width": "^7.0.0" } }, "sha512-c9bZp7b5YtRj2wOe6dlj32MK+Bx/M/d+9VB2SHM1OtsUHR0aV0tdP6DWh/iMt0kWi1t5g1Iudu6hQRNd1A4PVA=="],

    "wrap-ansi": ["wrap-ansi@9.0.2", "", { "dependencies": { "ansi-styles": "^6.2.1", "string-width": "^7.0.0", "strip-ansi": "^7.1.0" } }, "sha512-42AtmgqjV+X1VpdOfyTGOYRi0/zsoLqtXQckTmqTeybT+BDIbM/Guxo7x3pE2vtpr1ok6xRqM9OpBe+Jyoqyww=="],

    "wrappy": ["wrappy@1.0.2", "", {}, "sha512-l4Sp/DRseor9wL6EvV2+TuQn63dMkPjZ/sp9XkghTEbV9KlPS1xUsZ3u7/IQO4wxtcFB4bgpQPRcR3QCvezPcQ=="],

    "ws": ["ws@8.19.0", "", { "peerDependencies": { "bufferutil": "^4.0.1", "utf-8-validate": ">=5.0.2" }, "optionalPeers": ["bufferutil", "utf-8-validate"] }, "sha512-blAT2mjOEIi0ZzruJfIhb3nps74PRWTCz1IjglWEEpQl5XS/UNama6u2/rjFkDDouqr4L67ry+1aGIALViWjDg=="],

    "yaml": ["yaml@2.8.2", "", { "bin": { "yaml": "bin.mjs" } }, "sha512-mplynKqc1C2hTVYxd0PU2xQAc22TI1vShAYGksCCfxbn/dFwnHTNi1bvYsBTkhdUNtGIf5xNOg938rrSSYvS9A=="],

    "yoga-layout": ["yoga-layout@3.2.1", "", {}, "sha512-0LPOt3AxKqMdFBZA3HBAt/t/8vIKq7VaQYbuA8WxCgung+p9TVyKRYdpvCb80HcdTN2NkbIKbhNwKUfm3tQywQ=="],

    "zod": ["zod@4.1.8", "", {}, "sha512-5R1P+WwQqmmMIEACyzSvo4JXHY5WiAFHRMg+zBZKgKS+Q1viRa0C1hmUKtHltoIFKtIdki3pRxkmpP74jnNYHQ=="],

    "argparse/sprintf-js": ["sprintf-js@1.0.3", "", {}, "sha512-D9cPgkvLlV3t3IzL0D0YLvGA9Ahk4PcvVwUbN0dSGr1aP0Nrt4AEnTUbuGvquEC0mA64Gqt1fzirlRs5ibXx8g=="],

    "bash-tool/zod": ["zod@3.25.76", "", {}, "sha512-gzUt/qt81nXsFGKIFcC3YnfEAx5NkunCfnDlvuBSSFS02bcXu4Lmea0AFIUwbLWxWPx3d9p8S5QoaujKcNQxcQ=="],

    "compressjs/commander": ["commander@2.8.1", "", { "dependencies": { "graceful-readlink": ">= 1.0.0" } }, "sha512-+pJLBFVk+9ZZdlAOB5WuIElVPPth47hILFkmGym57aq8kwxsowvByvB0DHs1vQAhyMZzdcpTtF0VDKGkSDR4ZQ=="],

    "rc/ini": ["ini@1.3.8", "", {}, "sha512-JV/yugV2uzW5iMRSiZAyDtQd+nxtUnjeLt0acNdw98kKLrvuRVyB80tsREOE7yvGVgalhZ6RNXCmEHkUKBKxew=="],

    "widest-line/string-width": ["string-width@7.2.0", "", { "dependencies": { "emoji-regex": "^10.3.0", "get-east-asian-width": "^1.0.0", "strip-ansi": "^7.1.0" } }, "sha512-tsaTIkKW9b4N+AEj+SVA+WhJzV7/zMhcSu78mLKWSk7cXMOSHsBKFWUs0fWwq8QyK3MgJBQRX6Gbi4kYbdvGkQ=="],

    "wrap-ansi/string-width": ["string-width@7.2.0", "", { "dependencies": { "emoji-regex": "^10.3.0", "get-east-asian-width": "^1.0.0", "strip-ansi": "^7.1.0" } }, "sha512-tsaTIkKW9b4N+AEj+SVA+WhJzV7/zMhcSu78mLKWSk7cXMOSHsBKFWUs0fWwq8QyK3MgJBQRX6Gbi4kYbdvGkQ=="],
  }
}
